
Microsoft Visual Studio Solution File, Format Version 12.00
# Visual Studio 15
Project("{FAE04EC0-301F-11D3-BF4B-00C04F79EFBC}") = "Sprint5", "Sprint5.csproj", "{AAB8F863-A7FA-4BE0-82ED-DCC897390B7F}"
EndProject
Global
	GlobalSection(SolutionConfigurationPlatforms) = preSolution
		Debug|Any CPU = Debug|Any CPU
		Release|Any CPU = Release|Any CPU
	EndGlobalSection
	GlobalSection(ProjectConfigurationPlatforms) = postSolution
		{AAB8F863-A7FA-4BE0-82ED-DCC897390B7F}.Debug|Any CPU.ActiveCfg = Debug|Any CPU
		{AAB8F863-A7FA-4BE0-82ED-DCC897390B7F}.Debug|Any CPU.Build.0 = Debug|Any CPU
		{AAB8F863-A7FA-4BE0-82ED-DCC897390B7F}.Release|Any CPU.ActiveCfg = Release|Any CPU
		{AAB8F863-A7FA-4BE0-82ED-DCC897390B7F}.Release|Any CPU.Build.0 = Release|Any CPU
	EndGlobalSection
EndGlobal
